
Microsoft Visual Studio Solution File, Format Version 9.00
# Visual Studio 2005
Project("{8BC9CEB8-8B4A-11D0-8D11-00A0C91BC942}") = "CD", "CD\CD_.vcproj", "{DC124DD3-2DEF-49F0-908E-78DD03A4070C}"
	ProjectSection(ProjectDependencies) = postProject
		{BB9AAAC2-AD4C-4227-8D30-88A3423DF626} = {BB9AAAC2-AD4C-4227-8D30-88A3423DF626}
	EndProjectSection
EndProject
Project("{8BC9CEB8-8B4A-11D0-8D11-00A0C91BC942}") = "CD_Penetration", "CD_Penetration\CD_Penetration_.vcproj", "{DED3FEAB-D9C5-41D6-89FB-D628BFE2B2E3}"
EndProject
Project("{8BC9CEB8-8B4A-11D0-8D11-00A0C91BC942}") = "File_Parsing", "File_Parsing\File_Parsing_.vcproj", "{366CE364-48A7-4185-AE16-9B81F1DF1270}"
EndProject
Project("{8BC9CEB8-8B4A-11D0-8D11-00A0C91BC942}") = "Matrix", "Matrix\Matrix_.vcproj", "{37F11BD7-86AC-4CA6-BEBB-412F689391AD}"
EndProject
Project("{8BC9CEB8-8B4A-11D0-8D11-00A0C91BC942}") = "S_Object", "S_Object\S_Object_.vcproj", "{BB9AAAC2-AD4C-4227-8D30-88A3423DF626}"
EndProject
Project("{8BC9CEB8-8B4A-11D0-8D11-00A0C91BC942}") = "S_Polyhedron", "S_Polyhedron\S_Polyhedron_.vcproj", "{C40DA62E-BDE4-4EFC-B81F-8D6DC44461A0}"
	ProjectSection(ProjectDependencies) = postProject
		{366CE364-48A7-4185-AE16-9B81F1DF1270} = {366CE364-48A7-4185-AE16-9B81F1DF1270}
		{BB9AAAC2-AD4C-4227-8D30-88A3423DF626} = {BB9AAAC2-AD4C-4227-8D30-88A3423DF626}
	EndProjectSection
EndProject
Project("{8BC9CEB8-8B4A-11D0-8D11-00A0C91BC942}") = "STP-BV", "STP-BV\STP-BV_.vcproj", "{5ED0BA4E-6FC7-4E3A-A06E-617E72BC7E49}"
	ProjectSection(ProjectDependencies) = postProject
		{BB9AAAC2-AD4C-4227-8D30-88A3423DF626} = {BB9AAAC2-AD4C-4227-8D30-88A3423DF626}
		{DC124DD3-2DEF-49F0-908E-78DD03A4070C} = {DC124DD3-2DEF-49F0-908E-78DD03A4070C}
	EndProjectSection
EndProject
Project("{8BC9CEB8-8B4A-11D0-8D11-00A0C91BC942}") = "TestZone", "TestZone\TestZone_.vcproj", "{0BB39023-23A9-488D-8A11-B20C68AE1F26}"
	ProjectSection(ProjectDependencies) = postProject
		{C40DA62E-BDE4-4EFC-B81F-8D6DC44461A0} = {C40DA62E-BDE4-4EFC-B81F-8D6DC44461A0}
		{5ED0BA4E-6FC7-4E3A-A06E-617E72BC7E49} = {5ED0BA4E-6FC7-4E3A-A06E-617E72BC7E49}
		{DED3FEAB-D9C5-41D6-89FB-D628BFE2B2E3} = {DED3FEAB-D9C5-41D6-89FB-D628BFE2B2E3}
		{BB9AAAC2-AD4C-4227-8D30-88A3423DF626} = {BB9AAAC2-AD4C-4227-8D30-88A3423DF626}
		{DC124DD3-2DEF-49F0-908E-78DD03A4070C} = {DC124DD3-2DEF-49F0-908E-78DD03A4070C}
	EndProjectSection
EndProject
Global
	GlobalSection(SolutionConfigurationPlatforms) = preSolution
		Debug|Win32 = Debug|Win32
		Release|Win32 = Release|Win32
	EndGlobalSection
	GlobalSection(ProjectConfigurationPlatforms) = postSolution
		{DC124DD3-2DEF-49F0-908E-78DD03A4070C}.Debug|Win32.ActiveCfg = Debug|Win32
		{DC124DD3-2DEF-49F0-908E-78DD03A4070C}.Debug|Win32.Build.0 = Debug|Win32
		{DC124DD3-2DEF-49F0-908E-78DD03A4070C}.Release|Win32.ActiveCfg = Release|Win32
		{DC124DD3-2DEF-49F0-908E-78DD03A4070C}.Release|Win32.Build.0 = Release|Win32
		{DED3FEAB-D9C5-41D6-89FB-D628BFE2B2E3}.Debug|Win32.ActiveCfg = Debug|Win32
		{DED3FEAB-D9C5-41D6-89FB-D628BFE2B2E3}.Debug|Win32.Build.0 = Debug|Win32
		{DED3FEAB-D9C5-41D6-89FB-D628BFE2B2E3}.Release|Win32.ActiveCfg = Release|Win32
		{DED3FEAB-D9C5-41D6-89FB-D628BFE2B2E3}.Release|Win32.Build.0 = Release|Win32
		{366CE364-48A7-4185-AE16-9B81F1DF1270}.Debug|Win32.ActiveCfg = Debug|Win32
		{366CE364-48A7-4185-AE16-9B81F1DF1270}.Debug|Win32.Build.0 = Debug|Win32
		{366CE364-48A7-4185-AE16-9B81F1DF1270}.Release|Win32.ActiveCfg = Release|Win32
		{366CE364-48A7-4185-AE16-9B81F1DF1270}.Release|Win32.Build.0 = Release|Win32
		{37F11BD7-86AC-4CA6-BEBB-412F689391AD}.Debug|Win32.ActiveCfg = Debug|Win32
		{37F11BD7-86AC-4CA6-BEBB-412F689391AD}.Debug|Win32.Build.0 = Debug|Win32
		{37F11BD7-86AC-4CA6-BEBB-412F689391AD}.Release|Win32.ActiveCfg = Release|Win32
		{37F11BD7-86AC-4CA6-BEBB-412F689391AD}.Release|Win32.Build.0 = Release|Win32
		{BB9AAAC2-AD4C-4227-8D30-88A3423DF626}.Debug|Win32.ActiveCfg = Debug|Win32
		{BB9AAAC2-AD4C-4227-8D30-88A3423DF626}.Debug|Win32.Build.0 = Debug|Win32
		{BB9AAAC2-AD4C-4227-8D30-88A3423DF626}.Release|Win32.ActiveCfg = Release|Win32
		{BB9AAAC2-AD4C-4227-8D30-88A3423DF626}.Release|Win32.Build.0 = Release|Win32
		{C40DA62E-BDE4-4EFC-B81F-8D6DC44461A0}.Debug|Win32.ActiveCfg = Debug|Win32
		{C40DA62E-BDE4-4EFC-B81F-8D6DC44461A0}.Debug|Win32.Build.0 = Debug|Win32
		{C40DA62E-BDE4-4EFC-B81F-8D6DC44461A0}.Release|Win32.ActiveCfg = Release|Win32
		{C40DA62E-BDE4-4EFC-B81F-8D6DC44461A0}.Release|Win32.Build.0 = Release|Win32
		{5ED0BA4E-6FC7-4E3A-A06E-617E72BC7E49}.Debug|Win32.ActiveCfg = Debug|Win32
		{5ED0BA4E-6FC7-4E3A-A06E-617E72BC7E49}.Debug|Win32.Build.0 = Debug|Win32
		{5ED0BA4E-6FC7-4E3A-A06E-617E72BC7E49}.Release|Win32.ActiveCfg = Release|Win32
		{5ED0BA4E-6FC7-4E3A-A06E-617E72BC7E49}.Release|Win32.Build.0 = Release|Win32
		{0BB39023-23A9-488D-8A11-B20C68AE1F26}.Debug|Win32.ActiveCfg = Debug|Win32
		{0BB39023-23A9-488D-8A11-B20C68AE1F26}.Debug|Win32.Build.0 = Debug|Win32
		{0BB39023-23A9-488D-8A11-B20C68AE1F26}.Release|Win32.ActiveCfg = Release|Win32
		{0BB39023-23A9-488D-8A11-B20C68AE1F26}.Release|Win32.Build.0 = Release|Win32
	EndGlobalSection
	GlobalSection(SolutionProperties) = preSolution
		HideSolutionNode = FALSE
	EndGlobalSection
EndGlobal
